<?xml version="1.0" encoding="utf-8"?>
<Project ToolsVersion="4.0" xmlns="http://schemas.microsoft.com/developer/msbuild/2003">
  <ItemGroup>
    <Filter Include="Source Files">
      <UniqueIdentifier>{4FC737F1-C7A5-4376-A066-2A32D752A2FF}</UniqueIdentifier>
      <Extensions>cpp;c;cc;cxx;c++;cppm;ixx;def;odl;idl;hpj;bat;asm;asmx</Extensions>
    </Filter>
    <Filter Include="Header Files">
      <UniqueIdentifier>{93995380-89BD-4b04-88EB-625FBE52EBFB}</UniqueIdentifier>
      <Extensions>h;hh;hpp;hxx;h++;hm;inl;inc;ipp;xsd</Extensions>
    </Filter>
    <Filter Include="Resource Files">
      <UniqueIdentifier>{67DA6AB6-F800-4c08-8B7A-83BB121AAD01}</UniqueIdentifier>
      <Extensions>rc;ico;cur;bmp;dlg;rc2;rct;bin;rgs;gif;jpg;jpeg;jpe;resx;tiff;tif;png;wav;mfcribbon-ms</Extensions>
    </Filter>
    <Filter Include="Includes">
      <UniqueIdentifier>{66f17b92-f200-48aa-b956-3e6b150fa054}</UniqueIdentifier>
    </Filter>
    <Filter Include="Includes\safetyhook">
      <UniqueIdentifier>{75f55598-65f0-435f-8749-b1761a38ade6}</UniqueIdentifier>
    </Filter>
    <Filter Include="Includes\safetyhook\include">
      <UniqueIdentifier>{ca9d7ab0-463e-4c49-b3d9-79bfac22df62}</UniqueIdentifier>
    </Filter>
    <Filter Include="Includes\safetyhook\src">
      <UniqueIdentifier>{cab40ba0-6f70-4b5b-8700-38be1657d368}</UniqueIdentifier>
    </Filter>
  </ItemGroup>
  <ItemGroup>
    <ClInclude Include="pch.h">
      <Filter>Header Files</Filter>
    </ClInclude>
    <ClInclude Include="TestHeader.h">
      <Filter>Header Files</Filter>
    </ClInclude>
    <ClInclude Include="Speedhack.h">
      <Filter>Source Files</Filter>
    </ClInclude>
    <ClInclude Include="resource.h">
      <Filter>Header Files</Filter>
    </ClInclude>
    <ClInclude Include="includes\safetyhook\include\safetyhook\allocator.hpp">
      <Filter>Includes\safetyhook\include</Filter>
    </ClInclude>
    <ClInclude Include="includes\safetyhook\include\safetyhook\common.hpp">
      <Filter>Includes\safetyhook\include</Filter>
    </ClInclude>
    <ClInclude Include="includes\safetyhook\include\safetyhook\context.hpp">
      <Filter>Includes\safetyhook\include</Filter>
    </ClInclude>
    <ClInclude Include="includes\safetyhook\include\safetyhook\easy.hpp">
      <Filter>Includes\safetyhook\include</Filter>
    </ClInclude>
    <ClInclude Include="includes\safetyhook\include\safetyhook\inline_hook.hpp">
      <Filter>Includes\safetyhook\include</Filter>
    </ClInclude>
    <ClInclude Include="includes\safetyhook\include\safetyhook\mid_hook.hpp">
      <Filter>Includes\safetyhook\include</Filter>
    </ClInclude>
    <ClInclude Include="includes\safetyhook\include\safetyhook\os.hpp">
      <Filter>Includes\safetyhook\include</Filter>
    </ClInclude>
    <ClInclude Include="includes\safetyhook\include\safetyhook.hpp">
      <Filter>Includes\safetyhook\include</Filter>
    </ClInclude>
    <ClInclude Include="includes\safetyhook\include\safetyhook\utility.hpp">
      <Filter>Includes\safetyhook\include</Filter>
    </ClInclude>
    <ClInclude Include="includes\safetyhook\include\safetyhook\vmt_hook.hpp">
      <Filter>Includes\safetyhook\include</Filter>
    </ClInclude>
  </ItemGroup>
  <ItemGroup>
    <ClCompile Include="dllmain.cpp">
      <Filter>Source Files</Filter>
    </ClCompile>
    <ClCompile Include="pch.cpp">
      <Filter>Source Files</Filter>
    </ClCompile>
    <ClCompile Include="Speedhack.cpp">
      <Filter>Source Files</Filter>
    </ClCompile>
    <ClCompile Include="includes\safetyhook\src\allocator.cpp">
      <Filter>Includes\safetyhook\src</Filter>
    </ClCompile>
    <ClCompile Include="includes\safetyhook\src\easy.cpp">
      <Filter>Includes\safetyhook\src</Filter>
    </ClCompile>
    <ClCompile Include="includes\safetyhook\src\inline_hook.cpp">
      <Filter>Includes\safetyhook\src</Filter>
    </ClCompile>
    <ClCompile Include="includes\safetyhook\src\mid_hook.cpp">
      <Filter>Includes\safetyhook\src</Filter>
    </ClCompile>
    <ClCompile Include="includes\safetyhook\src\os.linux.cpp">
      <Filter>Includes\safetyhook\src</Filter>
    </ClCompile>
    <ClCompile Include="includes\safetyhook\src\os.windows.cpp">
      <Filter>Includes\safetyhook\src</Filter>
    </ClCompile>
    <ClCompile Include="includes\safetyhook\src\utility.cpp">
      <Filter>Includes\safetyhook\src</Filter>
    </ClCompile>
    <ClCompile Include="includes\safetyhook\src\vmt_hook.cpp">
      <Filter>Includes\safetyhook\src</Filter>
    </ClCompile>
  </ItemGroup>
  <ItemGroup>
    <ResourceCompile Include="HCMSpeedhack.rc">
      <Filter>Resource Files</Filter>
    </ResourceCompile>
  </ItemGroup>
  <ItemGroup>
    <None Include="vcpkg.json">
      <Filter>Resource Files</Filter>
    </None>
    <None Include="includes\safetyhook\src\mid_hook.x86_32.asm">
      <Filter>Includes\safetyhook\src</Filter>
    </None>
    <None Include="includes\safetyhook\src\mid_hook.x86_64-linux.asm">
      <Filter>Includes\safetyhook\src</Filter>
    </None>
    <None Include="includes\safetyhook\src\mid_hook.x86_64-windows.asm">
      <Filter>Includes\safetyhook\src</Filter>
    </None>
  </ItemGroup>
</Project>