<?xml version="1.0" encoding="utf-8"?>
<Project ToolsVersion="4.0" xmlns="http://schemas.microsoft.com/developer/msbuild/2003">
  <ItemGroup>
    <Filter Include="Resource Files">
      <UniqueIdentifier>{67DA6AB6-F800-4c08-8B7A-83BB121AAD01}</UniqueIdentifier>
      <Extensions>rc;ico;cur;bmp;dlg;rc2;rct;bin;rgs;gif;jpg;jpeg;jpe;resx;tiff;tif;png;wav;mfcribbon-ms</Extensions>
    </Filter>
    <Filter Include="Services">
      <UniqueIdentifier>{33813428-34be-431d-a692-fde745b0c8b0}</UniqueIdentifier>
    </Filter>
    <Filter Include="Classes">
      <UniqueIdentifier>{10649697-325c-415c-bd50-731289283de5}</UniqueIdentifier>
    </Filter>
    <Filter Include="Includes">
      <UniqueIdentifier>{8a884ef3-004e-4426-80e6-4f1e78b02180}</UniqueIdentifier>
    </Filter>
    <Filter Include="Interfaces">
      <UniqueIdentifier>{e2b4f4de-ecde-4fd0-b550-cd9418577881}</UniqueIdentifier>
    </Filter>
    <Filter Include="Definitions">
      <UniqueIdentifier>{3e929823-9bb9-423f-b811-bbee94da77be}</UniqueIdentifier>
    </Filter>
    <Filter Include="Services\OptionalCheats">
      <UniqueIdentifier>{837d1078-0fa6-48f6-a483-88e1205c2f94}</UniqueIdentifier>
    </Filter>
    <Filter Include="Services\OptionalCheats\Implementations">
      <UniqueIdentifier>{928d8ca6-9603-4a95-b642-2a1f38fbcc92}</UniqueIdentifier>
    </Filter>
    <Filter Include="Services\Rendering">
      <UniqueIdentifier>{afbd61dc-d4f9-423a-879e-ffd24607ed77}</UniqueIdentifier>
    </Filter>
    <Filter Include="Services\GUI">
      <UniqueIdentifier>{3a262df6-8060-4d9a-a4f0-726961876f0f}</UniqueIdentifier>
    </Filter>
    <Filter Include="Services\GUI\GUIElements">
      <UniqueIdentifier>{cb48ce07-b284-4f20-94d3-b2a89baa1b6b}</UniqueIdentifier>
    </Filter>
    <Filter Include="Services\Hotkeys">
      <UniqueIdentifier>{539c47bb-619e-4e7a-a44f-8533b9eef1f9}</UniqueIdentifier>
    </Filter>
    <Filter Include="Services\OptionalCheats\Management">
      <UniqueIdentifier>{6d4f6412-347f-451e-9d8f-544db3eb9fc1}</UniqueIdentifier>
    </Filter>
    <Filter Include="Services\SettingsStateAndEvents">
      <UniqueIdentifier>{cd89c4a0-0b05-4ad8-9368-f35b4356b3e6}</UniqueIdentifier>
    </Filter>
    <Filter Include="Global">
      <UniqueIdentifier>{16bbe2af-9d7a-44b7-a05b-e67ab9d7b0a8}</UniqueIdentifier>
    </Filter>
    <Filter Include="DynamicStructs">
      <UniqueIdentifier>{b77a04b7-7f4a-426e-a98a-1078088ea099}</UniqueIdentifier>
    </Filter>
    <Filter Include="Services\OptionalCheats\Implementations\Services">
      <UniqueIdentifier>{07345286-baf4-4a5b-9e05-e5dbd51bfd1e}</UniqueIdentifier>
    </Filter>
    <Filter Include="Services\Control">
      <UniqueIdentifier>{ba0b1f25-6689-445e-b492-ab1646c72bc9}</UniqueIdentifier>
    </Filter>
    <Filter Include="Services\OptionalCheats\Implementations\DataStringGetters">
      <UniqueIdentifier>{440cedb9-6e99-4d4f-963c-6760eaa31a6c}</UniqueIdentifier>
    </Filter>
    <Filter Include="Services\OptionalCheats\Implementations\Camera">
      <UniqueIdentifier>{8f023fa3-225e-49d6-a4e9-8be0135cbb84}</UniqueIdentifier>
    </Filter>
    <Filter Include="Services\OptionalCheats\Implementations\Camera\Smoother">
      <UniqueIdentifier>{fc84e771-a284-4a7b-9a81-f51257e0b992}</UniqueIdentifier>
    </Filter>
    <Filter Include="Services\OptionalCheats\Implementations\3D">
      <UniqueIdentifier>{cd1cd030-f535-41e8-b94a-facc6adcd96f}</UniqueIdentifier>
    </Filter>
    <Filter Include="Services\GUI\ModalDialogs">
      <UniqueIdentifier>{81ff9a9b-365d-4e9d-96b9-12e59d6880b0}</UniqueIdentifier>
    </Filter>
    <Filter Include="Services\OptionalCheats\Implementations\Skulls">
      <UniqueIdentifier>{3736243c-8af8-4c62-825e-52c84c5f52dd}</UniqueIdentifier>
    </Filter>
    <Filter Include="Services\PointerData">
      <UniqueIdentifier>{3edcd80b-8a9c-4b7a-a3c6-1d2c522c6662}</UniqueIdentifier>
    </Filter>
  </ItemGroup>
  <ItemGroup>
    <ClInclude Include="pch.h">
      <Filter>Global</Filter>
    </ClInclude>
    <ClInclude Include="HCMExternalCommand.h">
      <Filter>Classes</Filter>
    </ClInclude>
    <ClInclude Include="GlobalKill.h">
      <Filter>Global</Filter>
    </ClInclude>
    <ClInclude Include="includes\safetyhook\safetyhook.hpp">
      <Filter>Includes</Filter>
    </ClInclude>
    <ClInclude Include="includes\safetyhook\Zydis.h">
      <Filter>Includes</Filter>
    </ClInclude>
    <ClInclude Include="ControlDefs.h">
      <Filter>Global</Filter>
    </ClInclude>
    <ClInclude Include="CustomExceptions.h">
      <Filter>Classes</Filter>
    </ClInclude>
    <ClInclude Include="MidhookContextInterpreter.h">
      <Filter>Classes</Filter>
    </ClInclude>
    <ClInclude Include="WindowsUtilities.h">
      <Filter>Global</Filter>
    </ClInclude>
    <ClInclude Include="RuntimeExceptionHandler.h">
      <Filter>Services</Filter>
    </ClInclude>
    <ClInclude Include="ModuleHookManager.h">
      <Filter>Services</Filter>
    </ClInclude>
    <ClInclude Include="ModuleHook.h">
      <Filter>Classes</Filter>
    </ClInclude>
    <ClInclude Include="MultilevelPointer.h">
      <Filter>Classes</Filter>
    </ClInclude>
    <ClInclude Include="ModuleCache.h">
      <Filter>Services</Filter>
    </ClInclude>
    <ClInclude Include="Logging.h">
      <Filter>Services</Filter>
    </ClInclude>
    <ClInclude Include="MCCStateHook.h">
      <Filter>Services</Filter>
    </ClInclude>
    <ClInclude Include="GameState.h">
      <Filter>Classes</Filter>
    </ClInclude>
    <ClInclude Include="InjectRequirements.h">
      <Filter>Classes</Filter>
    </ClInclude>
    <ClInclude Include="HeartbeatTimer.h">
      <Filter>Services</Filter>
    </ClInclude>
    <ClInclude Include="ExternalInfo.h">
      <Filter>Classes</Filter>
    </ClInclude>
    <ClInclude Include="Datum.h">
      <Filter>Classes</Filter>
    </ClInclude>
    <ClInclude Include="App.h">
      <Filter>Global</Filter>
    </ClInclude>
    <ClInclude Include="includes\utki\shared_ref.hpp">
      <Filter>Includes</Filter>
    </ClInclude>
    <ClInclude Include="GetMCCVersion.h">
      <Filter>Services</Filter>
    </ClInclude>
    <ClInclude Include="VersionInfo.h">
      <Filter>Classes</Filter>
    </ClInclude>
    <ClInclude Include="DIContainer.h">
      <Filter>Classes</Filter>
    </ClInclude>
    <ClInclude Include="map.h">
      <Filter>Includes</Filter>
    </ClInclude>
    <ClInclude Include="DumpCheckpoint.h">
      <Filter>Services\OptionalCheats\Implementations</Filter>
    </ClInclude>
    <ClInclude Include="DumpCore.h">
      <Filter>Services\OptionalCheats\Implementations</Filter>
    </ClInclude>
    <ClInclude Include="ForceCheckpoint.h">
      <Filter>Services\OptionalCheats\Implementations</Filter>
    </ClInclude>
    <ClInclude Include="ForceCoreSave.h">
      <Filter>Services\OptionalCheats\Implementations</Filter>
    </ClInclude>
    <ClInclude Include="ForceDoubleRevert.h">
      <Filter>Services\OptionalCheats\Implementations</Filter>
    </ClInclude>
    <ClInclude Include="ForceRevert.h">
      <Filter>Services\OptionalCheats\Implementations</Filter>
    </ClInclude>
    <ClInclude Include="InjectCheckpoint.h">
      <Filter>Services\OptionalCheats\Implementations</Filter>
    </ClInclude>
    <ClInclude Include="InjectCore.h">
      <Filter>Services\OptionalCheats\Implementations</Filter>
    </ClInclude>
    <ClInclude Include="Speedhack.h">
      <Filter>Services\OptionalCheats\Implementations</Filter>
    </ClInclude>
    <ClInclude Include="Invulnerability.h">
      <Filter>Services\OptionalCheats\Implementations</Filter>
    </ClInclude>
    <ClInclude Include="GuiElementEnum.h">
      <Filter>Services\GUI</Filter>
    </ClInclude>
    <ClInclude Include="HotkeyDefinitions.h">
      <Filter>Services\Hotkeys</Filter>
    </ClInclude>
    <ClInclude Include="HotkeyManager.h">
      <Filter>Services\Hotkeys</Filter>
    </ClInclude>
    <ClInclude Include="RebindableHotkey.h">
      <Filter>Services\Hotkeys</Filter>
    </ClInclude>
    <ClInclude Include="GUIRequiredServices.h">
      <Filter>Services\GUI</Filter>
    </ClInclude>
    <ClInclude Include="IGUIRequiredServices.h">
      <Filter>Services\GUI</Filter>
    </ClInclude>
    <ClInclude Include="IAnchorPoint.h">
      <Filter>Services\GUI</Filter>
    </ClInclude>
    <ClInclude Include="GUIElementStore.h">
      <Filter>Services\GUI</Filter>
    </ClInclude>
    <ClInclude Include="GUIServiceInfo.h">
      <Filter>Services\GUI</Filter>
    </ClInclude>
    <ClInclude Include="D3D11Hook.h">
      <Filter>Services\Rendering</Filter>
    </ClInclude>
    <ClInclude Include="ImGuiManager.h">
      <Filter>Services\Rendering</Filter>
    </ClInclude>
    <ClInclude Include="GUIElementConstructor.h">
      <Filter>Services\GUI</Filter>
    </ClInclude>
    <ClInclude Include="SettingsStateAndEvents.h">
      <Filter>Services\SettingsStateAndEvents</Filter>
    </ClInclude>
    <ClInclude Include="SettingsSerialiser.h">
      <Filter>Services\SettingsStateAndEvents</Filter>
    </ClInclude>
    <ClInclude Include="MessagesGUI.h">
      <Filter>Services\GUI</Filter>
    </ClInclude>
    <ClInclude Include="GUISimpleButton.h">
      <Filter>Services\GUI\GUIElements</Filter>
    </ClInclude>
    <ClInclude Include="GUISimpleToggle.h">
      <Filter>Services\GUI\GUIElements</Filter>
    </ClInclude>
    <ClInclude Include="GUISpeedhack.h">
      <Filter>Services\GUI\GUIElements</Filter>
    </ClInclude>
    <ClInclude Include="IGUIElement.h">
      <Filter>Services\GUI\GUIElements</Filter>
    </ClInclude>
    <ClInclude Include="GUIInvulnerability.h">
      <Filter>Services\GUI\GUIElements</Filter>
    </ClInclude>
    <ClInclude Include="HCMInternalGUI.h">
      <Filter>Services\GUI</Filter>
    </ClInclude>
    <ClInclude Include="HCM_imconfig.h">
      <Filter>Global</Filter>
    </ClInclude>
    <ClInclude Include="HotkeysEnum.h">
      <Filter>Services\Hotkeys</Filter>
    </ClInclude>
    <ClInclude Include="HotkeyRenderer.h">
      <Filter>Services\Hotkeys</Filter>
    </ClInclude>
    <ClInclude Include="UnhandledExceptionHandler.h">
      <Filter>Services</Filter>
    </ClInclude>
    <ClInclude Include="HotkeyRendererImpl.h">
      <Filter>Services\Hotkeys</Filter>
    </ClInclude>
    <ClInclude Include="OptionalCheatInfo.h">
      <Filter>Services\OptionalCheats\Management</Filter>
    </ClInclude>
    <ClInclude Include="OptionalCheatManager.h">
      <Filter>Services\OptionalCheats\Management</Filter>
    </ClInclude>
    <ClInclude Include="OptionalCheatEnum.h">
      <Filter>Services\OptionalCheats\Management</Filter>
    </ClInclude>
    <ClInclude Include="IOptionalCheat.h">
      <Filter>Services\OptionalCheats</Filter>
    </ClInclude>
    <ClInclude Include="ScopedCallback.h">
      <Filter>Classes</Filter>
    </ClInclude>
    <ClInclude Include="MCCState.h">
      <Filter>Classes</Filter>
    </ClInclude>
    <ClInclude Include="DirPathContainer.h">
      <Filter>Classes</Filter>
    </ClInclude>
    <ClInclude Include="GUIMCCState.h">
      <Filter>Services\GUI\GUIElements</Filter>
    </ClInclude>
    <ClInclude Include="WinHandle.h">
      <Filter>Classes</Filter>
    </ClInclude>
    <ClInclude Include="SharedMemoryInternal.h">
      <Filter>Services</Filter>
    </ClInclude>
    <ClInclude Include="IMakeOrGetCheat.h">
      <Filter>Services\OptionalCheats\Management</Filter>
    </ClInclude>
    <ClInclude Include="IGetMCCVersion.h">
      <Filter>Services</Filter>
    </ClInclude>
    <ClInclude Include="DynamicStructFactory.h">
      <Filter>DynamicStructs</Filter>
    </ClInclude>
    <ClInclude Include="DynamicStruct.h">
      <Filter>DynamicStructs</Filter>
    </ClInclude>
    <ClInclude Include="H1PlayerStruct.h">
      <Filter>DynamicStructs</Filter>
    </ClInclude>
    <ClInclude Include="GetPlayerDatum.h">
      <Filter>Services\OptionalCheats\Implementations\Services</Filter>
    </ClInclude>
    <ClInclude Include="GetObjectAddress.h">
      <Filter>Services\OptionalCheats\Implementations\Services</Filter>
    </ClInclude>
    <ClInclude Include="IMessagesGUI.h">
      <Filter>Services\GUI</Filter>
    </ClInclude>
    <ClInclude Include="ISharedMemory.h">
      <Filter>Services</Filter>
    </ClInclude>
    <ClInclude Include="ISettingsSerialiser.h">
      <Filter>Services\SettingsStateAndEvents</Filter>
    </ClInclude>
    <ClInclude Include="IMCCStateHook.h">
      <Filter>Services</Filter>
    </ClInclude>
    <ClInclude Include="HotkeyEventsLambdas.h">
      <Filter>Services\Hotkeys</Filter>
    </ClInclude>
    <ClInclude Include="ScopedAtomicBool.h">
      <Filter>Classes</Filter>
    </ClInclude>
    <ClInclude Include="AIFreeze.h">
      <Filter>Services\OptionalCheats\Implementations</Filter>
    </ClInclude>
    <ClInclude Include="MidhookFlagInterpreter.h">
      <Filter>Classes</Filter>
    </ClInclude>
    <ClInclude Include="GUIConsoleCommand.h">
      <Filter>Services\GUI\GUIElements</Filter>
    </ClInclude>
    <ClInclude Include="ConsoleCommand.h">
      <Filter>Services\OptionalCheats\Implementations</Filter>
    </ClInclude>
    <ClInclude Include="GUIHeading.h">
      <Filter>Services\GUI\GUIElements</Filter>
    </ClInclude>
    <ClInclude Include="GUISubHeading.h">
      <Filter>Services\GUI\GUIElements</Filter>
    </ClInclude>
    <ClInclude Include="ScopedServiceRequest.h">
      <Filter>Classes</Filter>
    </ClInclude>
    <ClInclude Include="ControlServiceContainer.h">
      <Filter>Services\Control</Filter>
    </ClInclude>
    <ClInclude Include="FreeMCCCursor.h">
      <Filter>Services\Control</Filter>
    </ClInclude>
    <ClInclude Include="GUIHotkeyOnly.h">
      <Filter>Services\GUI\GUIElements</Filter>
    </ClInclude>
    <ClInclude Include="BlockGameInput.h">
      <Filter>Services\Control</Filter>
    </ClInclude>
    <ClInclude Include="PauseGame.h">
      <Filter>Services\Control</Filter>
    </ClInclude>
    <ClInclude Include="TogglePause.h">
      <Filter>Services\OptionalCheats\Implementations</Filter>
    </ClInclude>
    <ClInclude Include="ToggleBlockInput.h">
      <Filter>Services\OptionalCheats\Implementations</Filter>
    </ClInclude>
    <ClInclude Include="ToggleFreeCursor.h">
      <Filter>Services\OptionalCheats\Implementations</Filter>
    </ClInclude>
    <ClInclude Include="GetCurrentLevelCode.h">
      <Filter>Services\OptionalCheats\Implementations\Services</Filter>
    </ClInclude>
    <ClInclude Include="GetCurrentDifficulty.h">
      <Filter>Services\OptionalCheats\Implementations\Services</Filter>
    </ClInclude>
    <ClInclude Include="DifficultyEnum.h">
      <Filter>Classes</Filter>
    </ClInclude>
    <ClInclude Include="IgnoreCheckpointChecksum.h">
      <Filter>Services\OptionalCheats\Implementations</Filter>
    </ClInclude>
    <ClInclude Include="AdvanceTicks.h">
      <Filter>Services\OptionalCheats\Implementations</Filter>
    </ClInclude>
    <ClInclude Include="GUIAdvanceTicks.h">
      <Filter>Services\GUI\GUIElements</Filter>
    </ClInclude>
    <ClInclude Include="GameTickEventHook.h">
      <Filter>Services\OptionalCheats\Implementations\Services</Filter>
    </ClInclude>
    <ClInclude Include="ForceLaunch.h">
      <Filter>Services\OptionalCheats\Implementations</Filter>
    </ClInclude>
    <ClInclude Include="ForceTeleport.h">
      <Filter>Services\OptionalCheats\Implementations</Filter>
    </ClInclude>
    <ClInclude Include="GUIRadioButton.h">
      <Filter>Services\GUI\GUIElements</Filter>
    </ClInclude>
    <ClInclude Include="GUIRadioGroup.h">
      <Filter>Services\GUI\GUIElements</Filter>
    </ClInclude>
    <ClInclude Include="GetPlayerViewAngle.h">
      <Filter>Services\OptionalCheats\Implementations\Services</Filter>
    </ClInclude>
    <ClInclude Include="GUIFloat.h">
      <Filter>Services\GUI\GUIElements</Filter>
    </ClInclude>
    <ClInclude Include="GetHavokComponent.h">
      <Filter>Services\OptionalCheats\Implementations\Services</Filter>
    </ClInclude>
    <ClInclude Include="ObjectTypes.h">
      <Filter>Classes</Filter>
    </ClInclude>
    <ClInclude Include="GetObjectPhysics.h">
      <Filter>Services\OptionalCheats\Implementations\Services</Filter>
    </ClInclude>
    <ClInclude Include="UnfreezeObjectPhysics.h">
      <Filter>Services\OptionalCheats\Implementations\Services</Filter>
    </ClInclude>
    <ClInclude Include="GetObjectAddressCLI.h">
      <Filter>Services\OptionalCheats\Implementations</Filter>
    </ClInclude>
    <ClInclude Include="GetHavokAnchorPoint.h">
      <Filter>Services\OptionalCheats\Implementations\Services</Filter>
    </ClInclude>
    <ClInclude Include="GUIToggleWithChildren.h">
      <Filter>Services\GUI\GUIElements</Filter>
    </ClInclude>
    <ClInclude Include="GUIInputString.h">
      <Filter>Services\GUI\GUIElements</Filter>
    </ClInclude>
    <ClInclude Include="GUIInputDWORD.h">
      <Filter>Services\GUI\GUIElements</Filter>
    </ClInclude>
    <ClInclude Include="Medusa.h">
      <Filter>Services\OptionalCheats\Implementations</Filter>
    </ClInclude>
    <ClInclude Include="ToolTipCollection.h">
      <Filter>Services\GUI</Filter>
    </ClInclude>
    <ClInclude Include="resource.h" />
    <ClInclude Include="NaturalCheckpointDisable.h">
      <Filter>Services\OptionalCheats\Implementations</Filter>
    </ClInclude>
    <ClInclude Include="InfiniteAmmo.h">
      <Filter>Services\OptionalCheats\Implementations</Filter>
    </ClInclude>
    <ClInclude Include="BottomlessClip.h">
      <Filter>Services\OptionalCheats\Implementations</Filter>
    </ClInclude>
    <ClInclude Include="DisplayPlayerInfo.h">
      <Filter>Services\OptionalCheats\Implementations</Filter>
    </ClInclude>
    <ClInclude Include="GUIColourPickerAlpha.h">
      <Filter>Services\GUI\GUIElements</Filter>
    </ClInclude>
    <ClInclude Include="GUIInputInt.h">
      <Filter>Services\GUI\GUIElements</Filter>
    </ClInclude>
    <ClInclude Include="GUIVec2.h">
      <Filter>Services\GUI\GUIElements</Filter>
    </ClInclude>
    <ClInclude Include="GUIComboEnum.h">
      <Filter>Services\GUI\GUIElements</Filter>
    </ClInclude>
    <ClInclude Include="GetAggroData.h">
      <Filter>Services\OptionalCheats\Implementations\Services</Filter>
    </ClInclude>
    <ClInclude Include="GetObjectHealth.h">
      <Filter>Services\OptionalCheats\Implementations\Services</Filter>
    </ClInclude>
    <ClInclude Include="GetEntityDataAsString.h">
      <Filter>Services\OptionalCheats\Implementations\DataStringGetters</Filter>
    </ClInclude>
    <ClInclude Include="GetPlayerDataAsString.h">
      <Filter>Services\OptionalCheats\Implementations\DataStringGetters</Filter>
    </ClInclude>
    <ClInclude Include="GetGameDataAsString.h">
      <Filter>Services\OptionalCheats\Implementations\DataStringGetters</Filter>
    </ClInclude>
    <ClInclude Include="GetObjectTagName.h">
      <Filter>Services\OptionalCheats\Implementations\Services</Filter>
    </ClInclude>
    <ClInclude Include="GetTagName.h">
      <Filter>Services\OptionalCheats\Implementations\Services</Filter>
    </ClInclude>
    <ClInclude Include="GetBipedsVehicleDatum.h">
      <Filter>Services\OptionalCheats\Implementations\Services</Filter>
    </ClInclude>
    <ClInclude Include="Conduit_ITCFont.h">
      <Filter>Global</Filter>
    </ClInclude>
    <ClInclude Include="ProggyVectorRegularFont.h">
      <Filter>Global</Filter>
    </ClInclude>
    <ClInclude Include="GetNextObjectDatum.h">
      <Filter>Services\OptionalCheats\Implementations\Services</Filter>
    </ClInclude>
    <ClInclude Include="GameCameraData.h">
      <Filter>Classes</Filter>
    </ClInclude>
    <ClInclude Include="GetGameCameraData.h">
      <Filter>Services\OptionalCheats\Implementations\Camera</Filter>
    </ClInclude>
    <ClInclude Include="ForceCoreLoad.h">
      <Filter>Services\OptionalCheats\Implementations</Filter>
    </ClInclude>
    <ClInclude Include="FreeCamera.h">
      <Filter>Services\OptionalCheats\Implementations\Camera</Filter>
    </ClInclude>
    <ClInclude Include="ISmoother.h">
      <Filter>Services\OptionalCheats\Implementations\Camera\Smoother</Filter>
    </ClInclude>
    <ClInclude Include="LinearSmoother.h">
      <Filter>Services\OptionalCheats\Implementations\Camera\Smoother</Filter>
    </ClInclude>
    <ClInclude Include="UpdateGameCameraData.h">
      <Filter>Services\OptionalCheats\Implementations\Camera</Filter>
    </ClInclude>
    <ClInclude Include="FreeCameraData.h">
      <Filter>Classes</Filter>
    </ClInclude>
    <ClInclude Include="NullSmoother.h">
      <Filter>Services\OptionalCheats\Implementations\Camera\Smoother</Filter>
    </ClInclude>
    <ClInclude Include="CameraTransformer.h">
      <Filter>Services\OptionalCheats\Implementations\Camera</Filter>
    </ClInclude>
    <ClInclude Include="UserCameraInputReader.h">
      <Filter>Services\OptionalCheats\Implementations\Camera</Filter>
    </ClInclude>
    <ClInclude Include="IUpdateCameraTransform.h">
      <Filter>Services\OptionalCheats\Implementations\Camera</Filter>
    </ClInclude>
    <ClInclude Include="GUIComboEnumWithChildren.h">
      <Filter>Services\GUI\GUIElements</Filter>
    </ClInclude>
    <ClInclude Include="GUIDummyContainer.h">
      <Filter>Services\GUI\GUIElements</Filter>
    </ClInclude>
    <ClInclude Include="GUIVec3.h">
      <Filter>Services\GUI\GUIElements</Filter>
    </ClInclude>
    <ClInclude Include="GetCurrentRNG.h">
      <Filter>Services\OptionalCheats\Implementations\Services</Filter>
    </ClInclude>
    <ClInclude Include="CheckpointInjectionLogger.h">
      <Filter>Services</Filter>
    </ClInclude>
    <ClInclude Include="EditPlayerViewAngle.h">
      <Filter>Services\OptionalCheats\Implementations</Filter>
    </ClInclude>
    <ClInclude Include="SwitchBSP.h">
      <Filter>Services\OptionalCheats\Implementations</Filter>
    </ClInclude>
    <ClInclude Include="GUIButtonAndInt.h">
      <Filter>Services\GUI\GUIElements</Filter>
    </ClInclude>
    <ClInclude Include="GetCurrentBSP.h">
      <Filter>Services\OptionalCheats\Implementations\Services</Filter>
    </ClInclude>
    <ClInclude Include="ThirdPersonRendering.h">
      <Filter>Services\OptionalCheats\Implementations\Camera</Filter>
    </ClInclude>
    <ClInclude Include="BlockPlayerCharacterInput.h">
      <Filter>Services\OptionalCheats\Implementations\Camera</Filter>
    </ClInclude>
    <ClInclude Include="DisableScreenEffects.h">
      <Filter>Services\OptionalCheats\Implementations\Camera</Filter>
    </ClInclude>
    <ClInclude Include="HideWatermarkService.h">
      <Filter>Services\GUI</Filter>
    </ClInclude>
    <ClInclude Include="HideMessagesService.h">
      <Filter>Services\GUI</Filter>
    </ClInclude>
    <ClInclude Include="HideHUD.h">
      <Filter>Services\OptionalCheats\Implementations\Camera</Filter>
    </ClInclude>
    <ClInclude Include="EventOnPressHotkey.h">
      <Filter>Services\Hotkeys</Filter>
    </ClInclude>
    <ClInclude Include="Lapua.h">
      <Filter>Services</Filter>
    </ClInclude>
    <ClInclude Include="OBSBypassManager.h">
      <Filter>Services\Rendering</Filter>
    </ClInclude>
    <ClInclude Include="Renderer2D.h">
      <Filter>Services</Filter>
    </ClInclude>
    <ClInclude Include="OBSBypassCheck.h">
      <Filter>Services\OptionalCheats\Implementations</Filter>
    </ClInclude>
    <ClInclude Include="SetPlayerHealth.h">
      <Filter>Services\OptionalCheats\Implementations</Filter>
    </ClInclude>
    <ClInclude Include="CarrierBumpAnalyser.h">
      <Filter>Services\OptionalCheats\Implementations</Filter>
    </ClInclude>
    <ClInclude Include="ForceFutureCheckpoint.h">
      <Filter>Services\OptionalCheats\Implementations</Filter>
    </ClInclude>
    <ClInclude Include="Waypoint3D.h">
      <Filter>Services\OptionalCheats\Implementations\3D</Filter>
    </ClInclude>
    <ClInclude Include="WaypointList.h">
      <Filter>Classes</Filter>
    </ClInclude>
    <ClInclude Include="Render3DEventProvider.h">
      <Filter>Services\OptionalCheats\Implementations\3D</Filter>
    </ClInclude>
    <ClInclude Include="Renderer3DImpl.h">
      <Filter>Services\OptionalCheats\Implementations\3D</Filter>
    </ClInclude>
    <ClInclude Include="IRenderer3D.h">
      <Filter>Services\OptionalCheats\Implementations\3D</Filter>
    </ClInclude>
    <ClInclude Include="MeasurePlayerDistanceToObject.h">
      <Filter>Services\OptionalCheats\Implementations\Services</Filter>
    </ClInclude>
    <ClInclude Include="DirectXRenderEvent.h">
      <Filter>Services\Rendering</Filter>
    </ClInclude>
    <ClInclude Include="SpriteResource.h">
      <Filter>Services\OptionalCheats\Implementations\3D</Filter>
    </ClInclude>
    <ClInclude Include="RenderTextHelper.h">
      <Filter>Services</Filter>
    </ClInclude>
    <ClInclude Include="ScopedImFontScaler.h">
      <Filter>Classes</Filter>
    </ClInclude>
    <ClInclude Include="GUIWaypointList.h">
      <Filter>Services\GUI\GUIElements</Filter>
    </ClInclude>
    <ClInclude Include="ModalDialogRenderer.h">
      <Filter>Services\GUI\ModalDialogs</Filter>
    </ClInclude>
    <ClInclude Include="CheckpointDumpNameDialog.h">
      <Filter>Services\GUI\ModalDialogs</Filter>
    </ClInclude>
    <ClInclude Include="IModalDialog.h">
      <Filter>Services\GUI\ModalDialogs</Filter>
    </ClInclude>
    <ClInclude Include="InjectionWarningDialog.h">
      <Filter>Services\GUI\ModalDialogs</Filter>
    </ClInclude>
    <ClInclude Include="FailedOptionalCheatServicesDialog.h">
      <Filter>Services\GUI\ModalDialogs</Filter>
    </ClInclude>
    <ClInclude Include="EditOrAddWaypointDialog.h">
      <Filter>Services\GUI\ModalDialogs</Filter>
    </ClInclude>
    <ClInclude Include="ModalDialogFactory.h">
      <Filter>Services\GUI\ModalDialogs</Filter>
    </ClInclude>
    <ClInclude Include="SerialisableSetting.h">
      <Filter>Services\SettingsStateAndEvents</Filter>
    </ClInclude>
    <ClInclude Include="BinarySetting.h">
      <Filter>Services\SettingsStateAndEvents</Filter>
    </ClInclude>
    <ClInclude Include="UnarySetting.h">
      <Filter>Services\SettingsStateAndEvents</Filter>
    </ClInclude>
    <ClInclude Include="BitBoolPointer.h">
      <Filter>Classes</Filter>
    </ClInclude>
    <ClInclude Include="GUISkullToggle.h">
      <Filter>Services\GUI\GUIElements</Filter>
    </ClInclude>
    <ClInclude Include="SkullEnum.h">
      <Filter>Services\OptionalCheats\Implementations\Skulls</Filter>
    </ClInclude>
    <ClInclude Include="SkullToggler.h">
      <Filter>Services\OptionalCheats\Implementations\Skulls</Filter>
    </ClInclude>
    <ClInclude Include="PointerManager.h">
      <Filter>Services\PointerData</Filter>
    </ClInclude>
    <ClInclude Include="PointerDataStore.h">
      <Filter>Services\PointerData</Filter>
    </ClInclude>
    <ClInclude Include="PointerDataGetter.h">
      <Filter>Services\PointerData</Filter>
    </ClInclude>
    <ClInclude Include="PointerDataParser.h">
      <Filter>Services\PointerData</Filter>
    </ClInclude>
    <ClInclude Include="PointerDataParserInstantiators.h">
      <Filter>Services\PointerData</Filter>
    </ClInclude>
  </ItemGroup>
  <ItemGroup>
    <ClCompile Include="dllmain.cpp">
      <Filter>Global</Filter>
    </ClCompile>
    <ClCompile Include="pch.cpp">
      <Filter>Global</Filter>
    </ClCompile>
    <ClCompile Include="includes\safetyhook\safetyhook.cpp">
      <Filter>Includes</Filter>
    </ClCompile>
    <ClCompile Include="includes\safetyhook\Zydis.c">
      <Filter>Includes</Filter>
    </ClCompile>
    <ClCompile Include="MidhookContextInterpreter.cpp">
      <Filter>Classes</Filter>
    </ClCompile>
    <ClCompile Include="WindowsUtilities.cpp">
      <Filter>Global</Filter>
    </ClCompile>
    <ClCompile Include="RuntimeExceptionHandler.cpp">
      <Filter>Services</Filter>
    </ClCompile>
    <ClCompile Include="ModuleHookManager.cpp">
      <Filter>Services</Filter>
    </ClCompile>
    <ClCompile Include="ModuleHook.cpp">
      <Filter>Classes</Filter>
    </ClCompile>
    <ClCompile Include="MultilevelPointer.cpp">
      <Filter>Classes</Filter>
    </ClCompile>
    <ClCompile Include="ModuleCache.cpp">
      <Filter>Services</Filter>
    </ClCompile>
    <ClCompile Include="Logging.cpp">
      <Filter>Services</Filter>
    </ClCompile>
    <ClCompile Include="MCCStateHook.cpp">
      <Filter>Services</Filter>
    </ClCompile>
    <ClCompile Include="HeartbeatTimer.cpp">
      <Filter>Services</Filter>
    </ClCompile>
    <ClCompile Include="GetMCCVersion.cpp">
      <Filter>Services</Filter>
    </ClCompile>
    <ClCompile Include="Speedhack.cpp">
      <Filter>Services\OptionalCheats\Implementations</Filter>
    </ClCompile>
    <ClCompile Include="Invulnerability.cpp">
      <Filter>Services\OptionalCheats\Implementations</Filter>
    </ClCompile>
    <ClCompile Include="HotkeyManager.cpp">
      <Filter>Services\Hotkeys</Filter>
    </ClCompile>
    <ClCompile Include="GUIRequiredServices.cpp">
      <Filter>Services\GUI</Filter>
    </ClCompile>
    <ClCompile Include="GUIServiceInfo.cpp">
      <Filter>Services\GUI</Filter>
    </ClCompile>
    <ClCompile Include="D3D11Hook.cpp">
      <Filter>Services\Rendering</Filter>
    </ClCompile>
    <ClCompile Include="ImGuiManager.cpp">
      <Filter>Services\Rendering</Filter>
    </ClCompile>
    <ClCompile Include="GUIElementConstructor.cpp">
      <Filter>Services\GUI</Filter>
    </ClCompile>
    <ClCompile Include="SettingsSerialiser.cpp">
      <Filter>Services\SettingsStateAndEvents</Filter>
    </ClCompile>
    <ClCompile Include="MessagesGUI.cpp">
      <Filter>Services\GUI</Filter>
    </ClCompile>
    <ClCompile Include="HCMInternalGUI.cpp">
      <Filter>Services\GUI</Filter>
    </ClCompile>
    <ClCompile Include="UnhandledExceptionHandler.cpp">
      <Filter>Services</Filter>
    </ClCompile>
    <ClCompile Include="HotkeyRendererImpl.cpp">
      <Filter>Services\Hotkeys</Filter>
    </ClCompile>
    <ClCompile Include="OptionalCheatManager.cpp">
      <Filter>Services\OptionalCheats\Management</Filter>
    </ClCompile>
    <ClCompile Include="SharedMemoryInternal.cpp">
      <Filter>Services</Filter>
    </ClCompile>
    <ClCompile Include="DynamicStruct.cpp">
      <Filter>DynamicStructs</Filter>
    </ClCompile>
    <ClCompile Include="DynamicStructFactory.cpp">
      <Filter>DynamicStructs</Filter>
    </ClCompile>
    <ClCompile Include="GetPlayerDatum.cpp">
      <Filter>Services\OptionalCheats\Implementations\Services</Filter>
    </ClCompile>
    <ClCompile Include="GetObjectAddress.cpp">
      <Filter>Services\OptionalCheats\Implementations\Services</Filter>
    </ClCompile>
    <ClCompile Include="AIFreeze.cpp">
      <Filter>Services\OptionalCheats\Implementations</Filter>
    </ClCompile>
    <ClCompile Include="FreeMCCCursor.cpp">
      <Filter>Services\Control</Filter>
    </ClCompile>
    <ClCompile Include="BlockGameInput.cpp">
      <Filter>Services\Control</Filter>
    </ClCompile>
    <ClCompile Include="PauseGame.cpp">
      <Filter>Services\Control</Filter>
    </ClCompile>
    <ClCompile Include="GetCurrentLevelCode.cpp">
      <Filter>Services\OptionalCheats\Implementations\Services</Filter>
    </ClCompile>
    <ClCompile Include="GetCurrentDifficulty.cpp">
      <Filter>Services\OptionalCheats\Implementations\Services</Filter>
    </ClCompile>
    <ClCompile Include="AdvanceTicks.cpp">
      <Filter>Services\OptionalCheats\Implementations</Filter>
    </ClCompile>
    <ClCompile Include="GameTickEventHook.cpp">
      <Filter>Services\OptionalCheats\Implementations\Services</Filter>
    </ClCompile>
    <ClCompile Include="ForceLaunch.cpp">
      <Filter>Services\OptionalCheats\Implementations</Filter>
    </ClCompile>
    <ClCompile Include="ForceTeleport.cpp">
      <Filter>Services\OptionalCheats\Implementations</Filter>
    </ClCompile>
    <ClCompile Include="GetPlayerViewAngle.cpp">
      <Filter>Services\OptionalCheats\Implementations\Services</Filter>
    </ClCompile>
    <ClCompile Include="HCM_imconfig.cpp">
      <Filter>Global</Filter>
    </ClCompile>
    <ClCompile Include="GetHavokComponent.cpp">
      <Filter>Services\OptionalCheats\Implementations\Services</Filter>
    </ClCompile>
    <ClCompile Include="GetObjectPhysics.cpp">
      <Filter>Services\OptionalCheats\Implementations\Services</Filter>
    </ClCompile>
    <ClCompile Include="UnfreezeObjectPhysics.cpp">
      <Filter>Services\OptionalCheats\Implementations\Services</Filter>
    </ClCompile>
    <ClCompile Include="GetHavokAnchorPoint.cpp">
      <Filter>Services\OptionalCheats\Implementations\Services</Filter>
    </ClCompile>
    <ClCompile Include="Medusa.cpp">
      <Filter>Services\OptionalCheats\Implementations</Filter>
    </ClCompile>
    <ClCompile Include="NaturalCheckpointDisable.cpp">
      <Filter>Services\OptionalCheats\Implementations</Filter>
    </ClCompile>
    <ClCompile Include="BottomlessClip.cpp">
      <Filter>Services\OptionalCheats\Implementations</Filter>
    </ClCompile>
    <ClCompile Include="InfiniteAmmo.cpp">
      <Filter>Services\OptionalCheats\Implementations</Filter>
    </ClCompile>
    <ClCompile Include="DisplayPlayerInfo.cpp">
      <Filter>Services\OptionalCheats\Implementations</Filter>
    </ClCompile>
    <ClCompile Include="GetAggroData.cpp">
      <Filter>Services\OptionalCheats\Implementations\Services</Filter>
    </ClCompile>
    <ClCompile Include="GetObjectHealth.cpp">
      <Filter>Services\OptionalCheats\Implementations\Services</Filter>
    </ClCompile>
    <ClCompile Include="GetObjectTagName.cpp">
      <Filter>Services\OptionalCheats\Implementations\Services</Filter>
    </ClCompile>
    <ClCompile Include="GetTagName.cpp">
      <Filter>Services\OptionalCheats\Implementations\Services</Filter>
    </ClCompile>
    <ClCompile Include="GetBipedsVehicleDatum.cpp">
      <Filter>Services\OptionalCheats\Implementations\Services</Filter>
    </ClCompile>
    <ClCompile Include="ProggyVectorRegularFont.cpp">
      <Filter>Global</Filter>
    </ClCompile>
    <ClCompile Include="Conduit_ITCFont.cpp">
      <Filter>Global</Filter>
    </ClCompile>
    <ClCompile Include="GetNextObjectDatum.cpp">
      <Filter>Services\OptionalCheats\Implementations\Services</Filter>
    </ClCompile>
    <ClCompile Include="GetGameCameraData.cpp">
      <Filter>Services\OptionalCheats\Implementations\Camera</Filter>
    </ClCompile>
    <ClCompile Include="FreeCamera.cpp">
      <Filter>Services\OptionalCheats\Implementations\Camera</Filter>
    </ClCompile>
    <ClCompile Include="UpdateGameCameraData.cpp">
      <Filter>Services\OptionalCheats\Implementations\Camera</Filter>
    </ClCompile>
    <ClCompile Include="UserCameraInputReader.cpp">
      <Filter>Services\OptionalCheats\Implementations\Camera</Filter>
    </ClCompile>
    <ClCompile Include="LinearSmoother.cpp">
      <Filter>Services\OptionalCheats\Implementations\Camera\Smoother</Filter>
    </ClCompile>
    <ClCompile Include="GetCurrentRNG.cpp">
      <Filter>Services\OptionalCheats\Implementations\Services</Filter>
    </ClCompile>
    <ClCompile Include="CheckpointInjectionLogger.cpp">
      <Filter>Services</Filter>
    </ClCompile>
    <ClCompile Include="EditPlayerViewAngle.cpp">
      <Filter>Services\OptionalCheats\Implementations</Filter>
    </ClCompile>
    <ClCompile Include="SwitchBSP.cpp">
      <Filter>Services\OptionalCheats\Implementations</Filter>
    </ClCompile>
    <ClCompile Include="GetCurrentBSP.cpp">
      <Filter>Services\OptionalCheats\Implementations\Services</Filter>
    </ClCompile>
    <ClCompile Include="ThirdPersonRendering.cpp">
      <Filter>Services\OptionalCheats\Implementations\Camera</Filter>
    </ClCompile>
    <ClCompile Include="BlockPlayerCharacterInput.cpp">
      <Filter>Services\OptionalCheats\Implementations\Camera</Filter>
    </ClCompile>
    <ClCompile Include="HideHUD.cpp">
      <Filter>Services\OptionalCheats\Implementations\Camera</Filter>
    </ClCompile>
    <ClCompile Include="Lapua.cpp">
      <Filter>Services</Filter>
    </ClCompile>
    <ClCompile Include="Renderer2D.cpp">
      <Filter>Services</Filter>
    </ClCompile>
    <ClCompile Include="DisableScreenEffects.cpp">
      <Filter>Services\OptionalCheats\Implementations\Camera</Filter>
    </ClCompile>
    <ClCompile Include="SetPlayerHealth.cpp">
      <Filter>Services\OptionalCheats\Implementations</Filter>
    </ClCompile>
    <ClCompile Include="CarrierBumpAnalyser.cpp">
      <Filter>Services\OptionalCheats\Implementations</Filter>
    </ClCompile>
    <ClCompile Include="ForceFutureCheckpoint.cpp">
      <Filter>Services\OptionalCheats\Implementations</Filter>
    </ClCompile>
    <ClCompile Include="Waypoint3D.cpp">
      <Filter>Services\OptionalCheats\Implementations\3D</Filter>
    </ClCompile>
    <ClCompile Include="Render3DEventProvider.cpp">
      <Filter>Services\OptionalCheats\Implementations\3D</Filter>
    </ClCompile>
    <ClCompile Include="Renderer3DImpl.cpp">
      <Filter>Services\OptionalCheats\Implementations\3D</Filter>
    </ClCompile>
    <ClCompile Include="WaypointList.cpp">
      <Filter>Classes</Filter>
    </ClCompile>
    <ClCompile Include="MeasurePlayerDistanceToObject.cpp">
      <Filter>Services\OptionalCheats\Implementations\Services</Filter>
    </ClCompile>
    <ClCompile Include="Renderer3DImpl_WorldToScreen.cpp">
      <Filter>Services\OptionalCheats\Implementations\3D</Filter>
    </ClCompile>
    <ClCompile Include="Renderer3DImpl_Sprites.cpp">
      <Filter>Services\OptionalCheats\Implementations\3D</Filter>
    </ClCompile>
    <ClCompile Include="SpriteResource.cpp">
      <Filter>Services\OptionalCheats\Implementations\3D</Filter>
    </ClCompile>
    <ClCompile Include="RenderTextHelper.cpp">
      <Filter>Services</Filter>
    </ClCompile>
    <ClCompile Include="ModalDialogRenderer.cpp">
      <Filter>Services\GUI\ModalDialogs</Filter>
    </ClCompile>
    <ClCompile Include="ModalDialogFactory.cpp">
      <Filter>Services\GUI\ModalDialogs</Filter>
    </ClCompile>
    <ClCompile Include="BinarySetting.cpp">
      <Filter>Services\SettingsStateAndEvents</Filter>
    </ClCompile>
    <ClCompile Include="UnarySetting.cpp">
      <Filter>Services\SettingsStateAndEvents</Filter>
    </ClCompile>
    <ClCompile Include="SkullToggler.cpp">
      <Filter>Services\OptionalCheats\Implementations\Skulls</Filter>
    </ClCompile>
    <ClCompile Include="PointerManager.cpp">
      <Filter>Services\PointerData</Filter>
    </ClCompile>
    <ClCompile Include="PointerDataGetter.cpp">
      <Filter>Services\PointerData</Filter>
    </ClCompile>
    <ClCompile Include="PointerDataParser.cpp">
      <Filter>Services\PointerData</Filter>
    </ClCompile>
    <ClCompile Include="PointerDataStore.cpp">
      <Filter>Services\PointerData</Filter>
    </ClCompile>
  </ItemGroup>
  <ItemGroup>
    <None Include="cpp.hint" />
    <None Include="dds2.bin">
      <Filter>Resource Files</Filter>
    </None>
  </ItemGroup>
  <ItemGroup>
    <Xml Include="InternalPointerData.xml">
      <Filter>Resource Files</Filter>
    </Xml>
  </ItemGroup>
  <ItemGroup>
    <ResourceCompile Include="HCMInternal.rc">
      <Filter>Resource Files</Filter>
    </ResourceCompile>
  </ItemGroup>
  <ItemGroup>
    <Image Include="lapua.dds" />
    <Image Include="lapua2.dds" />
    <Image Include="Waypoint3DReticle.png">
      <Filter>Resource Files</Filter>
    </Image>
    <Image Include="Waypoint3DReticle.dds" />
  </ItemGroup>
  <ItemGroup>
    <Media Include="lapua.wav">
      <Filter>Resource Files</Filter>
    </Media>
  </ItemGroup>
</Project>