
Microsoft Visual Studio Solution File, Format Version 12.00
# Visual Studio Version 17
VisualStudioVersion = 17.0.32014.148
MinimumVisualStudioVersion = 10.0.40219.1
Project("{FAE04EC0-301F-11D3-BF4B-00C04F79EFBC}") = "HCMold", "WpfApp3\HCMold.csproj", "{2809D62E-C49B-4C98-AA84-FE5B163DF822}"
EndProject
Project("{FAE04EC0-301F-11D3-BF4B-00C04F79EFBC}") = "TestingRW", "..\TestingRW\TestingRW\TestingRW\TestingRW.csproj", "{959BD3F9-79FA-4967-B451-89AA8C746692}"
EndProject
Project("{9A19103F-16F7-4668-BE54-9A1E7A4F7556}") = "BurntMemory", "..\BurntMemory\BurntMemory\BurntMemory.csproj", "{12633A8B-23A3-4C6C-AA5F-6202FC160B09}"
EndProject
Project("{9A19103F-16F7-4668-BE54-9A1E7A4F7556}") = "HCM2", "HCM2\HCM2.csproj", "{927EF2D8-B7AA-496C-BC6E-199824C5042F}"
EndProject
Project("{9A19103F-16F7-4668-BE54-9A1E7A4F7556}") = "HCMTest", "HCMTest\HCMTest.csproj", "{3E9342B6-E64D-4713-A1DE-30E7ED6C456B}"
EndProject
Project("{9A19103F-16F7-4668-BE54-9A1E7A4F7556}") = "HCM3", "HCM3\HCM3.csproj", "{336A3A86-28C6-4F8B-A9B6-0EE5419362CA}"
	ProjectSection(ProjectDependencies) = postProject
		{04B17470-CB82-4724-904B-25445926AB86} = {04B17470-CB82-4724-904B-25445926AB86}
	EndProjectSection
EndProject
Project("{8BC9CEB8-8B4A-11D0-8D11-00A0C91BC942}") = "HCMInternal", "HCMInternal\HCMInternal\HCMInternal.vcxproj", "{04B17470-CB82-4724-904B-25445926AB86}"
EndProject
Global
	GlobalSection(SolutionConfigurationPlatforms) = preSolution
		Debug|Any CPU = Debug|Any CPU
		Debug|x64 = Debug|x64
		Debug|x86 = Debug|x86
		Release|Any CPU = Release|Any CPU
		Release|x64 = Release|x64
		Release|x86 = Release|x86
	EndGlobalSection
	GlobalSection(ProjectConfigurationPlatforms) = postSolution
		{2809D62E-C49B-4C98-AA84-FE5B163DF822}.Debug|Any CPU.ActiveCfg = Debug|Any CPU
		{2809D62E-C49B-4C98-AA84-FE5B163DF822}.Debug|Any CPU.Build.0 = Debug|Any CPU
		{2809D62E-C49B-4C98-AA84-FE5B163DF822}.Debug|x64.ActiveCfg = Debug|Any CPU
		{2809D62E-C49B-4C98-AA84-FE5B163DF822}.Debug|x64.Build.0 = Debug|Any CPU
		{2809D62E-C49B-4C98-AA84-FE5B163DF822}.Debug|x86.ActiveCfg = Debug|Any CPU
		{2809D62E-C49B-4C98-AA84-FE5B163DF822}.Release|Any CPU.ActiveCfg = Release|Any CPU
		{2809D62E-C49B-4C98-AA84-FE5B163DF822}.Release|Any CPU.Build.0 = Release|Any CPU
		{2809D62E-C49B-4C98-AA84-FE5B163DF822}.Release|x64.ActiveCfg = Release|Any CPU
		{2809D62E-C49B-4C98-AA84-FE5B163DF822}.Release|x64.Build.0 = Release|Any CPU
		{2809D62E-C49B-4C98-AA84-FE5B163DF822}.Release|x86.ActiveCfg = Release|Any CPU
		{959BD3F9-79FA-4967-B451-89AA8C746692}.Debug|Any CPU.ActiveCfg = Debug|Any CPU
		{959BD3F9-79FA-4967-B451-89AA8C746692}.Debug|Any CPU.Build.0 = Debug|Any CPU
		{959BD3F9-79FA-4967-B451-89AA8C746692}.Debug|x64.ActiveCfg = Debug|Any CPU
		{959BD3F9-79FA-4967-B451-89AA8C746692}.Debug|x86.ActiveCfg = Debug|Any CPU
		{959BD3F9-79FA-4967-B451-89AA8C746692}.Release|Any CPU.ActiveCfg = Release|Any CPU
		{959BD3F9-79FA-4967-B451-89AA8C746692}.Release|Any CPU.Build.0 = Release|Any CPU
		{959BD3F9-79FA-4967-B451-89AA8C746692}.Release|x64.ActiveCfg = Release|Any CPU
		{959BD3F9-79FA-4967-B451-89AA8C746692}.Release|x86.ActiveCfg = Release|Any CPU
		{12633A8B-23A3-4C6C-AA5F-6202FC160B09}.Debug|Any CPU.ActiveCfg = Debug|Any CPU
		{12633A8B-23A3-4C6C-AA5F-6202FC160B09}.Debug|Any CPU.Build.0 = Debug|Any CPU
		{12633A8B-23A3-4C6C-AA5F-6202FC160B09}.Debug|x64.ActiveCfg = Debug|x64
		{12633A8B-23A3-4C6C-AA5F-6202FC160B09}.Debug|x64.Build.0 = Debug|x64
		{12633A8B-23A3-4C6C-AA5F-6202FC160B09}.Debug|x86.ActiveCfg = Debug|Any CPU
		{12633A8B-23A3-4C6C-AA5F-6202FC160B09}.Debug|x86.Build.0 = Debug|Any CPU
		{12633A8B-23A3-4C6C-AA5F-6202FC160B09}.Release|Any CPU.ActiveCfg = Release|Any CPU
		{12633A8B-23A3-4C6C-AA5F-6202FC160B09}.Release|Any CPU.Build.0 = Release|Any CPU
		{12633A8B-23A3-4C6C-AA5F-6202FC160B09}.Release|x64.ActiveCfg = Release|x64
		{12633A8B-23A3-4C6C-AA5F-6202FC160B09}.Release|x64.Build.0 = Release|x64
		{12633A8B-23A3-4C6C-AA5F-6202FC160B09}.Release|x86.ActiveCfg = Release|Any CPU
		{12633A8B-23A3-4C6C-AA5F-6202FC160B09}.Release|x86.Build.0 = Release|Any CPU
		{927EF2D8-B7AA-496C-BC6E-199824C5042F}.Debug|Any CPU.ActiveCfg = Debug|Any CPU
		{927EF2D8-B7AA-496C-BC6E-199824C5042F}.Debug|Any CPU.Build.0 = Debug|Any CPU
		{927EF2D8-B7AA-496C-BC6E-199824C5042F}.Debug|x64.ActiveCfg = Debug|Any CPU
		{927EF2D8-B7AA-496C-BC6E-199824C5042F}.Debug|x64.Build.0 = Debug|Any CPU
		{927EF2D8-B7AA-496C-BC6E-199824C5042F}.Debug|x86.ActiveCfg = Debug|Any CPU
		{927EF2D8-B7AA-496C-BC6E-199824C5042F}.Release|Any CPU.ActiveCfg = Release|Any CPU
		{927EF2D8-B7AA-496C-BC6E-199824C5042F}.Release|Any CPU.Build.0 = Release|Any CPU
		{927EF2D8-B7AA-496C-BC6E-199824C5042F}.Release|x64.ActiveCfg = Release|Any CPU
		{927EF2D8-B7AA-496C-BC6E-199824C5042F}.Release|x64.Build.0 = Release|Any CPU
		{927EF2D8-B7AA-496C-BC6E-199824C5042F}.Release|x86.ActiveCfg = Release|Any CPU
		{3E9342B6-E64D-4713-A1DE-30E7ED6C456B}.Debug|Any CPU.ActiveCfg = Debug|Any CPU
		{3E9342B6-E64D-4713-A1DE-30E7ED6C456B}.Debug|Any CPU.Build.0 = Debug|Any CPU
		{3E9342B6-E64D-4713-A1DE-30E7ED6C456B}.Debug|x64.ActiveCfg = Debug|Any CPU
		{3E9342B6-E64D-4713-A1DE-30E7ED6C456B}.Debug|x64.Build.0 = Debug|Any CPU
		{3E9342B6-E64D-4713-A1DE-30E7ED6C456B}.Debug|x86.ActiveCfg = Debug|Any CPU
		{3E9342B6-E64D-4713-A1DE-30E7ED6C456B}.Debug|x86.Build.0 = Debug|Any CPU
		{3E9342B6-E64D-4713-A1DE-30E7ED6C456B}.Release|Any CPU.ActiveCfg = Release|Any CPU
		{3E9342B6-E64D-4713-A1DE-30E7ED6C456B}.Release|Any CPU.Build.0 = Release|Any CPU
		{3E9342B6-E64D-4713-A1DE-30E7ED6C456B}.Release|x64.ActiveCfg = Release|Any CPU
		{3E9342B6-E64D-4713-A1DE-30E7ED6C456B}.Release|x64.Build.0 = Release|Any CPU
		{3E9342B6-E64D-4713-A1DE-30E7ED6C456B}.Release|x86.ActiveCfg = Release|Any CPU
		{3E9342B6-E64D-4713-A1DE-30E7ED6C456B}.Release|x86.Build.0 = Release|Any CPU
		{336A3A86-28C6-4F8B-A9B6-0EE5419362CA}.Debug|Any CPU.ActiveCfg = Debug|Any CPU
		{336A3A86-28C6-4F8B-A9B6-0EE5419362CA}.Debug|Any CPU.Build.0 = Debug|Any CPU
		{336A3A86-28C6-4F8B-A9B6-0EE5419362CA}.Debug|x64.ActiveCfg = Debug|Any CPU
		{336A3A86-28C6-4F8B-A9B6-0EE5419362CA}.Debug|x64.Build.0 = Debug|Any CPU
		{336A3A86-28C6-4F8B-A9B6-0EE5419362CA}.Debug|x86.ActiveCfg = Debug|Any CPU
		{336A3A86-28C6-4F8B-A9B6-0EE5419362CA}.Debug|x86.Build.0 = Debug|Any CPU
		{336A3A86-28C6-4F8B-A9B6-0EE5419362CA}.Release|Any CPU.ActiveCfg = Release|Any CPU
		{336A3A86-28C6-4F8B-A9B6-0EE5419362CA}.Release|Any CPU.Build.0 = Release|Any CPU
		{336A3A86-28C6-4F8B-A9B6-0EE5419362CA}.Release|x64.ActiveCfg = Release|Any CPU
		{336A3A86-28C6-4F8B-A9B6-0EE5419362CA}.Release|x64.Build.0 = Release|Any CPU
		{336A3A86-28C6-4F8B-A9B6-0EE5419362CA}.Release|x86.ActiveCfg = Release|Any CPU
		{336A3A86-28C6-4F8B-A9B6-0EE5419362CA}.Release|x86.Build.0 = Release|Any CPU
		{04B17470-CB82-4724-904B-25445926AB86}.Debug|Any CPU.ActiveCfg = Debug|x64
		{04B17470-CB82-4724-904B-25445926AB86}.Debug|Any CPU.Build.0 = Debug|x64
		{04B17470-CB82-4724-904B-25445926AB86}.Debug|x64.ActiveCfg = Debug|x64
		{04B17470-CB82-4724-904B-25445926AB86}.Debug|x64.Build.0 = Debug|x64
		{04B17470-CB82-4724-904B-25445926AB86}.Debug|x86.ActiveCfg = Debug|Win32
		{04B17470-CB82-4724-904B-25445926AB86}.Debug|x86.Build.0 = Debug|Win32
		{04B17470-CB82-4724-904B-25445926AB86}.Release|Any CPU.ActiveCfg = Release|x64
		{04B17470-CB82-4724-904B-25445926AB86}.Release|Any CPU.Build.0 = Release|x64
		{04B17470-CB82-4724-904B-25445926AB86}.Release|x64.ActiveCfg = Release|x64
		{04B17470-CB82-4724-904B-25445926AB86}.Release|x64.Build.0 = Release|x64
		{04B17470-CB82-4724-904B-25445926AB86}.Release|x86.ActiveCfg = Release|Win32
		{04B17470-CB82-4724-904B-25445926AB86}.Release|x86.Build.0 = Release|Win32
	EndGlobalSection
	GlobalSection(SolutionProperties) = preSolution
		HideSolutionNode = FALSE
	EndGlobalSection
	GlobalSection(ExtensibilityGlobals) = postSolution
		SolutionGuid = {E6819C34-EAE2-453F-92AF-2304C010419F}
	EndGlobalSection
EndGlobal
